
Microsoft Visual Studio Solution File, Format Version 12.00
# Visual Studio Version 16
VisualStudioVersion = 16.0.29911.84
MinimumVisualStudioVersion = 10.0.40219.1
Project("{FAE04EC0-301F-11D3-BF4B-00C04F79EFBC}") = "CICDDemo", "CICDDemo\CICDDemo.csproj", "{9171F532-3EDE-449F-8D00-ADA797FB8392}"
EndProject
Global
	GlobalSection(SolutionConfigurationPlatforms) = preSolution
		Debug|Any CPU = Debug|Any CPU
		Release|Any CPU = Release|Any CPU
	EndGlobalSection
	GlobalSection(ProjectConfigurationPlatforms) = postSolution
		{9171F532-3EDE-449F-8D00-ADA797FB8392}.Debug|Any CPU.ActiveCfg = Debug|Any CPU
		{9171F532-3EDE-449F-8D00-ADA797FB8392}.Debug|Any CPU.Build.0 = Debug|Any CPU
		{9171F532-3EDE-449F-8D00-ADA797FB8392}.Release|Any CPU.ActiveCfg = Release|Any CPU
		{9171F532-3EDE-449F-8D00-ADA797FB8392}.Release|Any CPU.Build.0 = Release|Any CPU
	EndGlobalSection
	GlobalSection(SolutionProperties) = preSolution
		HideSolutionNode = FALSE
	EndGlobalSection
	GlobalSection(ExtensibilityGlobals) = postSolution
		SolutionGuid = {6A64133C-037E-4969-8908-CFC35BD137BC}
	EndGlobalSection
EndGlobal
